
Microsoft Visual Studio Solution File, Format Version 12.00
# Visual Studio 15
VisualStudioVersion = 15.0.28307.489
MinimumVisualStudioVersion = 10.0.40219.1
Project("{FAE04EC0-301F-11D3-BF4B-00C04F79EFBC}") = "PresentacionWinForm", "TPC_Semenza\PresentacionWinForm.csproj", "{F44FB632-517D-4249-8565-7EE2DDA27A6F}"
EndProject
Project("{FAE04EC0-301F-11D3-BF4B-00C04F79EFBC}") = "PresentacionWebForm", "PresentacionWebForm\PresentacionWebForm.csproj", "{D70C0C16-47A3-488C-B1E0-9F57606A3B17}"
EndProject
Project("{FAE04EC0-301F-11D3-BF4B-00C04F79EFBC}") = "Dominio", "ClassLibrary1\Dominio.csproj", "{567ADFC4-F4B7-4A60-A84F-FB4EAB5C1505}"
EndProject
Project("{FAE04EC0-301F-11D3-BF4B-00C04F79EFBC}") = "AccesoDatos", "AccesoDatos\AccesoDatos.csproj", "{6A1614C6-A917-4886-ABEA-D430BCB8A192}"
EndProject
Project("{FAE04EC0-301F-11D3-BF4B-00C04F79EFBC}") = "Negocio", "Negocio\Negocio.csproj", "{434A791F-0DC1-44F4-B544-EFDD7087E8EC}"
EndProject
Global
	GlobalSection(SolutionConfigurationPlatforms) = preSolution
		Debug|Any CPU = Debug|Any CPU
		Release|Any CPU = Release|Any CPU
	EndGlobalSection
	GlobalSection(ProjectConfigurationPlatforms) = postSolution
		{F44FB632-517D-4249-8565-7EE2DDA27A6F}.Debug|Any CPU.ActiveCfg = Debug|Any CPU
		{F44FB632-517D-4249-8565-7EE2DDA27A6F}.Debug|Any CPU.Build.0 = Debug|Any CPU
		{F44FB632-517D-4249-8565-7EE2DDA27A6F}.Release|Any CPU.ActiveCfg = Release|Any CPU
		{F44FB632-517D-4249-8565-7EE2DDA27A6F}.Release|Any CPU.Build.0 = Release|Any CPU
		{D70C0C16-47A3-488C-B1E0-9F57606A3B17}.Debug|Any CPU.ActiveCfg = Debug|Any CPU
		{D70C0C16-47A3-488C-B1E0-9F57606A3B17}.Debug|Any CPU.Build.0 = Debug|Any CPU
		{D70C0C16-47A3-488C-B1E0-9F57606A3B17}.Release|Any CPU.ActiveCfg = Release|Any CPU
		{D70C0C16-47A3-488C-B1E0-9F57606A3B17}.Release|Any CPU.Build.0 = Release|Any CPU
		{567ADFC4-F4B7-4A60-A84F-FB4EAB5C1505}.Debug|Any CPU.ActiveCfg = Debug|Any CPU
		{567ADFC4-F4B7-4A60-A84F-FB4EAB5C1505}.Debug|Any CPU.Build.0 = Debug|Any CPU
		{567ADFC4-F4B7-4A60-A84F-FB4EAB5C1505}.Release|Any CPU.ActiveCfg = Release|Any CPU
		{567ADFC4-F4B7-4A60-A84F-FB4EAB5C1505}.Release|Any CPU.Build.0 = Release|Any CPU
		{6A1614C6-A917-4886-ABEA-D430BCB8A192}.Debug|Any CPU.ActiveCfg = Debug|Any CPU
		{6A1614C6-A917-4886-ABEA-D430BCB8A192}.Debug|Any CPU.Build.0 = Debug|Any CPU
		{6A1614C6-A917-4886-ABEA-D430BCB8A192}.Release|Any CPU.ActiveCfg = Release|Any CPU
		{6A1614C6-A917-4886-ABEA-D430BCB8A192}.Release|Any CPU.Build.0 = Release|Any CPU
		{434A791F-0DC1-44F4-B544-EFDD7087E8EC}.Debug|Any CPU.ActiveCfg = Debug|Any CPU
		{434A791F-0DC1-44F4-B544-EFDD7087E8EC}.Debug|Any CPU.Build.0 = Debug|Any CPU
		{434A791F-0DC1-44F4-B544-EFDD7087E8EC}.Release|Any CPU.ActiveCfg = Release|Any CPU
		{434A791F-0DC1-44F4-B544-EFDD7087E8EC}.Release|Any CPU.Build.0 = Release|Any CPU
	EndGlobalSection
	GlobalSection(SolutionProperties) = preSolution
		HideSolutionNode = FALSE
	EndGlobalSection
	GlobalSection(ExtensibilityGlobals) = postSolution
		SolutionGuid = {D5F831CC-B571-4E5F-AD62-ECEFE44577E5}
	EndGlobalSection
EndGlobal
